PODS:
  - Apollo (0.8.0):
    - Apollo/Core (= 0.8.0)
  - Apollo/Core (0.8.0)
  - KSCrash/Core (1.15.18):
    - KSCrash/Reporting/Filters/Basic
  - KSCrash/Recording (1.15.18):
    - KSCrash/Recording/Tools (= 1.15.18)
  - KSCrash/Recording/Tools (1.15.18)
  - KSCrash/Reporting/Filters/Base (1.15.18):
    - KSCrash/Recording
  - KSCrash/Reporting/Filters/Basic (1.15.18):
    - KSCrash/Recording
    - KSCrash/Reporting/Filters/Base
  - SDWebImage (4.3.3):
    - SDWebImage/Core (= 4.3.3)
  - SDWebImage/Core (4.3.3)
  - Sentry (3.12.4):
    - Sentry/Core (= 3.12.4)
    - Sentry/KSCrash (= 3.12.4)
  - Sentry/Core (3.12.4)
  - Sentry/KSCrash (3.12.4):
    - KSCrash/Core (~> 1.15.12)

DEPENDENCIES:
  - Apollo (~> 0.8)
  - SDWebImage (~> 4.0)
  - Sentry (from `https://github.com/getsentry/sentry-cocoa.git`, tag `3.12.4`)

SPEC REPOS:
  https://github.com/cocoapods/specs.git:
    - Apollo
    - KSCrash
    - SDWebImage

EXTERNAL SOURCES:
  Sentry:
    :git: https://github.com/getsentry/sentry-cocoa.git
    :tag: 3.12.4

CHECKOUT OPTIONS:
  Sentry:
    :git: https://github.com/getsentry/sentry-cocoa.git
    :tag: 3.12.4

SPEC CHECKSUMS:
  Apollo: 66e0f52289551545adb7ecdd994e713fdbae26eb
  KSCrash: 5394936f41e5c1ef7b79cf79b30d53299b0c160e
  SDWebImage: de4d90b5bff3571eae7bd16202b1f43135409fa5
  Sentry: 7d3ea7176e5184e9c35c12a5825905345807e8c1

PODFILE CHECKSUM: b0116f668d16d12e1796fc9d87944aef78db743e

COCOAPODS: 1.5.3
